dependencies:
  espressif/dl_fft:
    component_hash: 7dadbd644c0d7ba4733cc3726ec4cff6edf27b043725e1115861dec1609a3d28
    dependencies:
    - name: idf
      require: private
      version: '>=5.0'
    source:
      registry_url: https://components.espressif.com/
      type: service
    version: 0.3.1
  espressif/esp-dsp:
    component_hash: 42dce32d46ac93dc11f60d368e29a830e9661c7345d794b8a45c343479cae636
    dependencies:
    - name: idf
      require: private
      version: '>=4.2'
    source:
      registry_url: https://components.espressif.com/
      type: service
    version: 1.7.0
  espressif/mpu6050:
    component_hash: 3370b55e3c1337c0a80c8cd833bf48c0ba61cf9f7d226856ae88abb61eba1d67
    dependencies:
    - name: idf
      require: private
      version: '>=4.0'
    source:
      registry_url: https://components.espressif.com/
      type: service
    version: 1.2.1
  idf:
    source:
      type: idf
    version: 5.5.3
direct_dependencies:
- espressif/dl_fft
- espressif/esp-dsp
- espressif/mpu6050
- idf
manifest_hash: 9d2e6f6034466d201fd1835b4200d69096982965f4cfe8f098d5d62b2cd02c61
target: esp32s3
version: 2.0.0
